
Microsoft Visual Studio Solution File, Format Version 12.00
# Visual Studio Version 17
VisualStudioVersion = 17.3.32825.248
MinimumVisualStudioVersion = 10.0.40219.1
Project("{FAE04EC0-301F-11D3-BF4B-00C04F79EFBC}") = "function-value-calculation", "function-value-calculation.csproj", "{9BE1F5EE-7C67-4546-A1D9-108D1D559E61}"
EndProject
Global
	GlobalSection(SolutionConfigurationPlatforms) = preSolution
		Debug|Any CPU = Debug|Any CPU
		Release|Any CPU = Release|Any CPU
	EndGlobalSection
	GlobalSection(ProjectConfigurationPlatforms) = postSolution
		{9BE1F5EE-7C67-4546-A1D9-108D1D559E61}.Debug|Any CPU.ActiveCfg = Debug|Any CPU
		{9BE1F5EE-7C67-4546-A1D9-108D1D559E61}.Debug|Any CPU.Build.0 = Debug|Any CPU
		{9BE1F5EE-7C67-4546-A1D9-108D1D559E61}.Release|Any CPU.ActiveCfg = Release|Any CPU
		{9BE1F5EE-7C67-4546-A1D9-108D1D559E61}.Release|Any CPU.Build.0 = Release|Any CPU
	EndGlobalSection
	GlobalSection(SolutionProperties) = preSolution
		HideSolutionNode = FALSE
	EndGlobalSection
	GlobalSection(ExtensibilityGlobals) = postSolution
		SolutionGuid = {117DAD2C-F4E9-4C1F-AE90-AF00583B5E83}
	EndGlobalSection
EndGlobal
